
Microsoft Visual Studio Solution File, Format Version 12.00
# Visual Studio Version 17
VisualStudioVersion = 17.3.32825.248
MinimumVisualStudioVersion = 10.0.40219.1
Project("{FAE04EC0-301F-11D3-BF4B-00C04F79EFBC}") = "Easy-RPC", "Easy-RPC\Easy-RPC.csproj", "{024228DE-D04D-4FB0-BB93-D5EF58C70665}"
EndProject
Global
	GlobalSection(SolutionConfigurationPlatforms) = preSolution
		Debug|Any CPU = Debug|Any CPU
		Release|Any CPU = Release|Any CPU
	EndGlobalSection
	GlobalSection(ProjectConfigurationPlatforms) = postSolution
		{024228DE-D04D-4FB0-BB93-D5EF58C70665}.Debug|Any CPU.ActiveCfg = Debug|Any CPU
		{024228DE-D04D-4FB0-BB93-D5EF58C70665}.Debug|Any CPU.Build.0 = Debug|Any CPU
		{024228DE-D04D-4FB0-BB93-D5EF58C70665}.Release|Any CPU.ActiveCfg = Release|Any CPU
		{024228DE-D04D-4FB0-BB93-D5EF58C70665}.Release|Any CPU.Build.0 = Release|Any CPU
	EndGlobalSection
	GlobalSection(SolutionProperties) = preSolution
		HideSolutionNode = FALSE
	EndGlobalSection
	GlobalSection(ExtensibilityGlobals) = postSolution
		SolutionGuid = {FF44B807-76ED-4B6A-A91B-B0CBBC5AF48B}
	EndGlobalSection
EndGlobal
